// !$*UTF8*$!
{
	archiveVersion = 1;
	classes = {
	};
	objectVersion = 46;
	objects = {

/* Begin PBXBuildFile section */
		C583DCDA1ED7603F007503EB /* AppDelegate.swift in Sources */ = {isa = PBXBuildFile; fileRef = C583DCD91ED7603F007503EB /* AppDelegate.swift */; };
		C583DCDC1ED7603F007503EB /* ViewController.swift in Sources */ = {isa = PBXBuildFile; fileRef = C583DCDB1ED7603F007503EB /* ViewController.swift */; };
		C583DCDF1ED7603F007503EB /* Main.storyboard in Resources */ = {isa = PBXBuildFile; fileRef = C583DCDD1ED7603F007503EB /* Main.storyboard */; };
		C583DCE11ED7603F007503EB /* Assets.xcassets in Resources */ = {isa = PBXBuildFile; fileRef = C583DCE01ED7603F007503EB /* Assets.xcassets */; };
		C583DCE41ED7603F007503EB /* LaunchScreen.storyboard in Resources */ = {isa = PBXBuildFile; fileRef = C583DCE21ED7603F007503EB /* LaunchScreen.storyboard */; };
/* End PBXBuildFile section */

/* Begin PBXFileReference section */
		C583DCD61ED7603F007503EB /* aaryn-social.app */ = {isa = PBXFileReference; explicitFileType = wrapper.application; includeInIndex = 0; path = "aaryn-social.app"; sourceTree = BUILT_PRODUCTS_DIR; };
		C583DCD91ED7603F007503EB /* AppDelegate.swift */ = {isa = PBXFileReference; lastKnownFileType = sourcecode.swift; path = AppDelegate.swift; sourceTree = "<group>"; };
		C583DCDB1ED7603F007503EB /* ViewController.swift */ = {isa = PBXFileReference; lastKnownFileType = sourcecode.swift; path = ViewController.swift; sourceTree = "<group>"; };
		C583DCDE1ED7603F007503EB /* Base */ = {isa = PBXFileReference; lastKnownFileType = file.storyboard; name = Base; path = Base.lproj/Main.storyboard; sourceTree = "<group>"; };
		C583DCE01ED7603F007503EB /* Assets.xcassets */ = {isa = PBXFileReference; lastKnownFileType = folder.assetcatalog; path = Assets.xcassets; sourceTree = "<group>"; };
		C583DCE31ED7603F007503EB /* Base */ = {isa = PBXFileReference; lastKnownFileType = file.storyboard; name = Base; path = Base.lproj/LaunchScreen.storyboard; sourceTree = "<group>"; };
		C583DCE51ED7603F007503EB /* Info.plist */ = {isa = PBXFileReference; lastKnownFileType = text.plist.xml; path = Info.plist; sourceTree = "<group>"; };
/* End PBXFileReference section */

/* Begin PBXFrameworksBuildPhase section */
		C583DCD31ED7603F007503EB /* Frameworks */ = {
			isa = PBXFrameworksBuildPhase;
			buildActionMask = 2147483647;
			files = (
			);
			runOnlyForDeploymentPostprocessing = 0;
		};
/* End PBXFrameworksBuildPhase section */

/* Begin PBXGroup section */
		C583DCCD1ED7603F007503EB = {
			isa = PBXGroup;
			children = (
				C583DCD81ED7603F007503EB /* aaryn-social */,
				C583DCD71ED7603F007503EB /* Products */,
			);
			sourceTree = "<group>";
		};
		C583DCD71ED7603F007503EB /* Products */ = {
			isa = PBXGroup;
			children = (
				C583DCD61ED7603F007503EB /* aaryn-social.app */,
			);
			name = Products;
			sourceTree = "<group>";
		};
		C583DCD81ED7603F007503EB /* aaryn-social */ = {
			isa = PBXGroup;
			children = (
				C583DCD91ED7603F007503EB /* AppDelegate.swift */,
				C583DCDB1ED7603F007503EB /* ViewController.swift */,
				C583DCDD1ED7603F007503EB /* Main.storyboard */,
				C583DCE01ED7603F007503EB /* Assets.xcassets */,
				C583DCE21ED7603F007503EB /* LaunchScreen.storyboard */,
				C583DCE51ED7603F007503EB /* Info.plist */,
			);
			path = "aaryn-social";
			sourceTree = "<group>";
		};
/* End PBXGroup section */

/* Begin PBXNativeTarget section */
		C583DCD51ED7603F007503EB /* aaryn-social */ = {
			isa = PBXNativeTarget;
			buildConfigurationList = C583DCE81ED7603F007503EB /* Build configuration list for PBXNativeTarget "aaryn-social" */;
			buildPhases = (
				C583DCD21ED7603F007503EB /* Sources */,
				C583DCD31ED7603F007503EB /* Frameworks */,
				C583DCD41ED7603F007503EB /* Resources */,
			);
			buildRules = (
			);
			dependencies = (
			);
			name = "aaryn-social";
			productName = "aaryn-social";
			productReference = C583DCD61ED7603F007503EB /* aaryn-social.app */;
			productType = "com.apple.product-type.application";
		};
/* End PBXNativeTarget section */

/* Begin PBXProject section */
		C583DCCE1ED7603F007503EB /* Project object */ = {
			isa = PBXProject;
			attributes = {
				LastSwiftUpdateCheck = 0830;
				LastUpgradeCheck = 0830;
				ORGANIZATIONNAME = "Aaryn Biro";
				TargetAttributes = {
					C583DCD51ED7603F007503EB = {
						CreatedOnToolsVersion = 8.3.2;
						DevelopmentTeam = 6MHMN42R5T;
						ProvisioningStyle = Automatic;
					};
				};
			};
			buildConfigurationList = C583DCD11ED7603F007503EB /* Build configuration list for PBXProject "aaryn-social" */;
			compatibilityVersion = "Xcode 3.2";
			developmentRegion = English;
			hasScannedForEncodings = 0;
			knownRegions = (
				en,
				Base,
			);
			mainGroup = C583DCCD1ED7603F007503EB;
			productRefGroup = C583DCD71ED7603F007503EB /* Products */;
			projectDirPath = "";
			projectRoot = "";
			targets = (
				C583DCD51ED7603F007503EB /* aaryn-social */,
			);
		};
/* End PBXProject section */

/* Begin PBXResourcesBuildPhase section */
		C583DCD41ED7603F007503EB /* Resources */ = {
			isa = PBXResourcesBuildPhase;
			buildActionMask = 2147483647;
			files = (
				C583DCE41ED7603F007503EB /* LaunchScreen.storyboard in Resources */,
				C583DCE11ED7603F007503EB /* Assets.xcassets in Resources */,
				C583DCDF1ED7603F007503EB /* Main.storyboard in Resources */,
			);
			runOnlyForDeploymentPostprocessing = 0;
		};
/* End PBXResourcesBuildPhase section */

/* Begin PBXSourcesBuildPhase section */
		C583DCD21ED7603F007503EB /* Sources */ = {
			isa = PBXSourcesBuildPhase;
			buildActionMask = 2147483647;
			files = (
				C583DCDC1ED7603F007503EB /* ViewController.swift in Sources */,
				C583DCDA1ED7603F007503EB /* AppDelegate.swift in Sources */,
			);
			runOnlyForDeploymentPostprocessing = 0;
		};
/* End PBXSourcesBuildPhase section */

/* Begin PBXVariantGroup section */
		C583DCDD1ED7603F007503EB /* Main.storyboard */ = {
			isa = PBXVariantGroup;
			children = (
				C583DCDE1ED7603F007503EB /* Base */,
			);
			name = Main.storyboard;
			sourceTree = "<group>";
		};
		C583DCE21ED7603F007503EB /* LaunchScreen.storyboard */ = {
			isa = PBXVariantGroup;
			children = (
				C583DCE31ED7603F007503EB /* Base */,
			);
			name = LaunchScreen.storyboard;
			sourceTree = "<group>";
		};
/* End PBXVariantGroup section */

/* Begin XCBuildConfiguration section */
		C583DCE61ED7603F007503EB /* Debug */ = {
			isa = XCBuildConfiguration;
			buildSettings = {
				ALWAYS_SEARCH_USER_PATHS = NO;
				CLANG_ANALYZER_NONNULL = YES;
				CLANG_ANALYZER_NUMBER_OBJECT_CONVERSION = YES_AGGRESSIVE;
				CLANG_CXX_LANGUAGE_STANDARD = "gnu++0x";
				CLANG_CXX_LIBRARY = "libc++";
				CLANG_ENABLE_MODULES = YES;
				CLANG_ENABLE_OBJC_ARC = YES;
				CLANG_WARN_BOOL_CONVERSION = YES;
				CLANG_WARN_CONSTANT_CONVERSION = YES;
				CLANG_WARN_DIRECT_OBJC_ISA_USAGE = YES_ERROR;
				CLANG_WARN_DOCUMENTATION_COMMENTS = YES;
				CLANG_WARN_EMPTY_BODY = YES;
				CLANG_WARN_ENUM_CONVERSION = YES;
				CLANG_WARN_INFINITE_RECURSION = YES;
				CLANG_WARN_INT_CONVERSION = YES;
				CLANG_WARN_OBJC_ROOT_CLASS = YES_ERROR;
				CLANG_WARN_SUSPICIOUS_MOVE = YES;
				CLANG_WARN_UNREACHABLE_CODE = YES;
				CLANG_WARN__DUPLICATE_METHOD_MATCH = YES;
				"CODE_SIGN_IDENTITY[sdk=iphoneos*]" = "iPhone Developer";
				COPY_PHASE_STRIP = NO;
				DEBUG_INFORMATION_FORMAT = dwarf;
				ENABLE_STRICT_OBJC_MSGSEND = YES;
				ENABLE_TESTABILITY = YES;
				GCC_C_LANGUAGE_STANDARD = gnu99;
				GCC_DYNAMIC_NO_PIC = NO;
				GCC_NO_COMMON_BLOCKS = YES;
				GCC_OPTIMIZATION_LEVEL = 0;
				GCC_PREPROCESSOR_DEFINITIONS = (
					"DEBUG=1",
					"$(inherited)",
				);
				GCC_WARN_64_TO_32_BIT_CONVERSION = YES;
				GCC_WARN_ABOUT_RETURN_TYPE = YES_ERROR;
				GCC_WARN_UNDECLARED_SELECTOR = YES;
				GCC_WARN_UNINITIALIZED_AUTOS = YES_AGGRESSIVE;
				GCC_WARN_UNUSED_FUNCTION = YES;
				GCC_WARN_UNUSED_VARIABLE = YES;
				IPHONEOS_DEPLOYMENT_TARGET = 10.3;
				MTL_ENABLE_DEBUG_INFO = YES;
				ONLY_ACTIVE_ARCH = YES;
				SDKROOT = iphoneos;
				SWIFT_ACTIVE_COMPILATION_CONDITIONS = DEBUG;
				SWIFT_OPTIMIZATION_LEVEL = "-Onone";
				TARGETED_DEVICE_FAMILY = "1,2";
			};
			name = Debug;
		};
		C583DCE71ED7603F007503EB /* Release */ = {
			isa = XCBuildConfiguration;
			buildSettings = {
				ALWAYS_SEARCH_USER_PATHS = NO;
				CLANG_ANALYZER_NONNULL = YES;
				CLANG_ANALYZER_NUMBER_OBJECT_CONVERSION = YES_AGGRESSIVE;
				CLANG_CXX_LANGUAGE_STANDARD = "gnu++0x";
				CLANG_CXX_LIBRARY = "libc++";
				CLANG_ENABLE_MODULES = YES;
				CLANG_ENABLE_OBJC_ARC = YES;
				CLANG_WARN_BOOL_CONVERSION = YES;
				CLANG_WARN_CONSTANT_CONVERSION = YES;
				CLANG_WARN_DIRECT_OBJC_ISA_USAGE = YES_ERROR;
				CLANG_WARN_DOCUMENTATION_COMMENTS = YES;
				CLANG_WARN_EMPTY_BODY = YES;
				CLANG_WARN_ENUM_CONVERSION = YES;
				CLANG_WARN_INFINITE_RECURSION = YES;
				CLANG_WARN_INT_CONVERSION = YES;
				CLANG_WARN_OBJC_ROOT_CLASS = YES_ERROR;
				CLANG_WARN_SUSPICIOUS_MOVE = YES;
				CLANG_WARN_UNREACHABLE_CODE = YES;
				CLANG_WARN__DUPLICATE_METHOD_MATCH = YES;
				"CODE_SIGN_IDENTITY[sdk=iphoneos*]" = "iPhone Developer";
				COPY_PHASE_STRIP = NO;
				DEBUG_INFORMATION_FORMAT = "dwarf-with-dsym";
				ENABLE_NS_ASSERTIONS = NO;
				ENABLE_STRICT_OBJC_MSGSEND = YES;
				GCC_C_LANGUAGE_STANDARD = gnu99;
				GCC_NO_COMMON_BLOCKS = YES;
				GCC_WARN_64_TO_32_BIT_CONVERSION = YES;
				GCC_WARN_ABOUT_RETURN_TYPE = YES_ERROR;
				GCC_WARN_UNDECLARED_SELECTOR = YES;
				GCC_WARN_UNINITIALIZED_AUTOS = YES_AGGRESSIVE;
				GCC_WARN_UNUSED_FUNCTION = YES;
				GCC_WARN_UNUSED_VARIABLE = YES;
				IPHONEOS_DEPLOYMENT_TARGET = 10.3;
				MTL_ENABLE_DEBUG_INFO = NO;
				SDKROOT = iphoneos;
				SWIFT_OPTIMIZATION_LEVEL = "-Owholemodule";
				TARGETED_DEVICE_FAMILY = "1,2";
				VALIDATE_PRODUCT = YES;
			};
			name = Release;
		};
		C583DCE91ED7603F007503EB /* Debug */ = {
			isa = XCBuildConfiguration;
			buildSettings = {
				ASSETCATALOG_COMPILER_APPICON_NAME = AppIcon;
				DEVELOPMENT_TEAM = 6MHMN42R5T;
				INFOPLIST_FILE = "aaryn-social/Info.plist";
				LD_RUNPATH_SEARCH_PATHS = "$(inherited) @executable_path/Frameworks";
				PRODUCT_BUNDLE_IDENTIFIER = "A-Corp.aaryn-social";
				PRODUCT_NAME = "$(TARGET_NAME)";
				SWIFT_VERSION = 3.0;
			};
			name = Debug;
		};
		C583DCEA1ED7603F007503EB /* Release */ = {
			isa = XCBuildConfiguration;
			buildSettings = {
				ASSETCATALOG_COMPILER_APPICON_NAME = AppIcon;
				DEVELOPMENT_TEAM = 6MHMN42R5T;
				INFOPLIST_FILE = "aaryn-social/Info.plist";
				LD_RUNPATH_SEARCH_PATHS = "$(inherited) @executable_path/Frameworks";
				PRODUCT_BUNDLE_IDENTIFIER = "A-Corp.aaryn-social";
				PRODUCT_NAME = "$(TARGET_NAME)";
				SWIFT_VERSION = 3.0;
			};
			name = Release;
		};
/* End XCBuildConfiguration section */

/* Begin XCConfigurationList section */
		C583DCD11ED7603F007503EB /* Build configuration list for PBXProject "aaryn-social" */ = {
			isa = XCConfigurationList;
			buildConfigurations = (
				C583DCE61ED7603F007503EB /* Debug */,
				C583DCE71ED7603F007503EB /* Release */,
			);
			defaultConfigurationIsVisible = 0;
			defaultConfigurationName = Release;
		};
		C583DCE81ED7603F007503EB /* Build configuration list for PBXNativeTarget "aaryn-social" */ = {
			isa = XCConfigurationList;
			buildConfigurations = (
				C583DCE91ED7603F007503EB /* Debug */,
				C583DCEA1ED7603F007503EB /* Release */,
			);
			defaultConfigurationIsVisible = 0;
		};
/* End XCConfigurationList section */
	};
	rootObject = C583DCCE1ED7603F007503EB /* Project object */;
}
