// !$*UTF8*$!
{
	archiveVersion = 1;
	classes = {
	};
	objectVersion = 46;
	objects = {

/* Begin PBXBuildFile section */
		0690668DB956B42DF66C820D /* Pods_aaryn_social.framework in Frameworks */ = {isa = PBXBuildFile; fileRef = 3B2BD5D6995010E041387AC4 /* Pods_aaryn_social.framework */; };
		C583DCDA1ED7603F007503EB /* AppDelegate.swift in Sources */ = {isa = PBXBuildFile; fileRef = C583DCD91ED7603F007503EB /* AppDelegate.swift */; };
		C583DCDC1ED7603F007503EB /* SignInVC.swift in Sources */ = {isa = PBXBuildFile; fileRef = C583DCDB1ED7603F007503EB /* SignInVC.swift */; };
		C583DCDF1ED7603F007503EB /* Main.storyboard in Resources */ = {isa = PBXBuildFile; fileRef = C583DCDD1ED7603F007503EB /* Main.storyboard */; };
		C583DCE11ED7603F007503EB /* Assets.xcassets in Resources */ = {isa = PBXBuildFile; fileRef = C583DCE01ED7603F007503EB /* Assets.xcassets */; };
		C583DCE41ED7603F007503EB /* LaunchScreen.storyboard in Resources */ = {isa = PBXBuildFile; fileRef = C583DCE21ED7603F007503EB /* LaunchScreen.storyboard */; };
		C583DCEC1ED760DA007503EB /* GoogleService-Info.plist in Resources */ = {isa = PBXBuildFile; fileRef = C583DCEB1ED760DA007503EB /* GoogleService-Info.plist */; };
		C583DD0F1ED786CD007503EB /* CircleButton.swift in Sources */ = {isa = PBXBuildFile; fileRef = C583DD0E1ED786CD007503EB /* CircleButton.swift */; };
		C583DD111ED7891E007503EB /* FancyView.swift in Sources */ = {isa = PBXBuildFile; fileRef = C583DD101ED7891E007503EB /* FancyView.swift */; };
		C583DD141ED789A4007503EB /* Constants.swift in Sources */ = {isa = PBXBuildFile; fileRef = C583DD131ED789A4007503EB /* Constants.swift */; };
		C583DD1E1ED78DBD007503EB /* FancyField.swift in Sources */ = {isa = PBXBuildFile; fileRef = C583DD1D1ED78DBD007503EB /* FancyField.swift */; };
/* End PBXBuildFile section */

/* Begin PBXFileReference section */
		3B2BD5D6995010E041387AC4 /* Pods_aaryn_social.framework */ = {isa = PBXFileReference; explicitFileType = wrapper.framework; includeInIndex = 0; path = Pods_aaryn_social.framework; sourceTree = BUILT_PRODUCTS_DIR; };
		47CE1F2FEF352E66FE6B4A94 /* Pods-aaryn-social.debug.xcconfig */ = {isa = PBXFileReference; includeInIndex = 1; lastKnownFileType = text.xcconfig; name = "Pods-aaryn-social.debug.xcconfig"; path = "Pods/Target Support Files/Pods-aaryn-social/Pods-aaryn-social.debug.xcconfig"; sourceTree = "<group>"; };
		99B42F60F7E32D615D0A4F37 /* Pods-aaryn-social.release.xcconfig */ = {isa = PBXFileReference; includeInIndex = 1; lastKnownFileType = text.xcconfig; name = "Pods-aaryn-social.release.xcconfig"; path = "Pods/Target Support Files/Pods-aaryn-social/Pods-aaryn-social.release.xcconfig"; sourceTree = "<group>"; };
		C583DCD61ED7603F007503EB /* aaryn-social.app */ = {isa = PBXFileReference; explicitFileType = wrapper.application; includeInIndex = 0; path = "aaryn-social.app"; sourceTree = BUILT_PRODUCTS_DIR; };
		C583DCD91ED7603F007503EB /* AppDelegate.swift */ = {isa = PBXFileReference; lastKnownFileType = sourcecode.swift; path = AppDelegate.swift; sourceTree = "<group>"; };
		C583DCDB1ED7603F007503EB /* SignInVC.swift */ = {isa = PBXFileReference; lastKnownFileType = sourcecode.swift; path = SignInVC.swift; sourceTree = "<group>"; };
		C583DCDE1ED7603F007503EB /* Base */ = {isa = PBXFileReference; lastKnownFileType = file.storyboard; name = Base; path = Base.lproj/Main.storyboard; sourceTree = "<group>"; };
		C583DCE01ED7603F007503EB /* Assets.xcassets */ = {isa = PBXFileReference; lastKnownFileType = folder.assetcatalog; path = Assets.xcassets; sourceTree = "<group>"; };
		C583DCE31ED7603F007503EB /* Base */ = {isa = PBXFileReference; lastKnownFileType = file.storyboard; name = Base; path = Base.lproj/LaunchScreen.storyboard; sourceTree = "<group>"; };
		C583DCE51ED7603F007503EB /* Info.plist */ = {isa = PBXFileReference; lastKnownFileType = text.plist.xml; path = Info.plist; sourceTree = "<group>"; };
		C583DCEB1ED760DA007503EB /* GoogleService-Info.plist */ = {isa = PBXFileReference; fileEncoding = 4; lastKnownFileType = text.plist.xml; path = "GoogleService-Info.plist"; sourceTree = "<group>"; };
		C583DD0E1ED786CD007503EB /* CircleButton.swift */ = {isa = PBXFileReference; fileEncoding = 4; lastKnownFileType = sourcecode.swift; path = CircleButton.swift; sourceTree = "<group>"; };
		C583DD101ED7891E007503EB /* FancyView.swift */ = {isa = PBXFileReference; fileEncoding = 4; lastKnownFileType = sourcecode.swift; path = FancyView.swift; sourceTree = "<group>"; };
		C583DD131ED789A4007503EB /* Constants.swift */ = {isa = PBXFileReference; fileEncoding = 4; lastKnownFileType = sourcecode.swift; path = Constants.swift; sourceTree = "<group>"; };
		C583DD1D1ED78DBD007503EB /* FancyField.swift */ = {isa = PBXFileReference; fileEncoding = 4; lastKnownFileType = sourcecode.swift; path = FancyField.swift; sourceTree = "<group>"; };
		C5E6808E1EE20A7A00C02DBE /* aaryn-social.entitlements */ = {isa = PBXFileReference; lastKnownFileType = text.plist.entitlements; path = "aaryn-social.entitlements"; sourceTree = "<group>"; };
/* End PBXFileReference section */

/* Begin PBXFrameworksBuildPhase section */
		C583DCD31ED7603F007503EB /* Frameworks */ = {
			isa = PBXFrameworksBuildPhase;
			buildActionMask = 2147483647;
			files = (
				0690668DB956B42DF66C820D /* Pods_aaryn_social.framework in Frameworks */,
			);
			runOnlyForDeploymentPostprocessing = 0;
		};
/* End PBXFrameworksBuildPhase section */

/* Begin PBXGroup section */
		B0112B183A7F26DDADFA37F9 /* Pods */ = {
			isa = PBXGroup;
			children = (
				47CE1F2FEF352E66FE6B4A94 /* Pods-aaryn-social.debug.xcconfig */,
				99B42F60F7E32D615D0A4F37 /* Pods-aaryn-social.release.xcconfig */,
			);
			name = Pods;
			sourceTree = "<group>";
		};
		BDFF457BE357DEA6F20C4C23 /* Frameworks */ = {
			isa = PBXGroup;
			children = (
				3B2BD5D6995010E041387AC4 /* Pods_aaryn_social.framework */,
			);
			name = Frameworks;
			sourceTree = "<group>";
		};
		C583DCCD1ED7603F007503EB = {
			isa = PBXGroup;
			children = (
				C583DCD81ED7603F007503EB /* aaryn-social */,
				C583DCD71ED7603F007503EB /* Products */,
				B0112B183A7F26DDADFA37F9 /* Pods */,
				BDFF457BE357DEA6F20C4C23 /* Frameworks */,
			);
			sourceTree = "<group>";
		};
		C583DCD71ED7603F007503EB /* Products */ = {
			isa = PBXGroup;
			children = (
				C583DCD61ED7603F007503EB /* aaryn-social.app */,
			);
			name = Products;
			sourceTree = "<group>";
		};
		C583DCD81ED7603F007503EB /* aaryn-social */ = {
			isa = PBXGroup;
			children = (
				C5E6808E1EE20A7A00C02DBE /* aaryn-social.entitlements */,
				C583DD121ED7898F007503EB /* Util */,
				C583DCED1ED762CD007503EB /* Model */,
				C583DCEE1ED762D3007503EB /* View */,
				C583DCEF1ED762D8007503EB /* Controller */,
				C583DCD91ED7603F007503EB /* AppDelegate.swift */,
				C583DCDD1ED7603F007503EB /* Main.storyboard */,
				C583DCE01ED7603F007503EB /* Assets.xcassets */,
				C583DCE21ED7603F007503EB /* LaunchScreen.storyboard */,
				C583DCEB1ED760DA007503EB /* GoogleService-Info.plist */,
				C583DCE51ED7603F007503EB /* Info.plist */,
			);
			path = "aaryn-social";
			sourceTree = "<group>";
		};
		C583DCED1ED762CD007503EB /* Model */ = {
			isa = PBXGroup;
			children = (
			);
			name = Model;
			sourceTree = "<group>";
		};
		C583DCEE1ED762D3007503EB /* View */ = {
			isa = PBXGroup;
			children = (
				C583DD0E1ED786CD007503EB /* CircleButton.swift */,
				C583DD101ED7891E007503EB /* FancyView.swift */,
				C583DD1D1ED78DBD007503EB /* FancyField.swift */,
			);
			name = View;
			sourceTree = "<group>";
		};
		C583DCEF1ED762D8007503EB /* Controller */ = {
			isa = PBXGroup;
			children = (
				C583DCDB1ED7603F007503EB /* SignInVC.swift */,
			);
			name = Controller;
			sourceTree = "<group>";
		};
		C583DD121ED7898F007503EB /* Util */ = {
			isa = PBXGroup;
			children = (
				C583DD131ED789A4007503EB /* Constants.swift */,
			);
			name = Util;
			sourceTree = "<group>";
		};
/* End PBXGroup section */

/* Begin PBXNativeTarget section */
		C583DCD51ED7603F007503EB /* aaryn-social */ = {
			isa = PBXNativeTarget;
			buildConfigurationList = C583DCE81ED7603F007503EB /* Build configuration list for PBXNativeTarget "aaryn-social" */;
			buildPhases = (
				6B8138C26D4F6FD931452AFA /* [CP] Check Pods Manifest.lock */,
				C583DCD21ED7603F007503EB /* Sources */,
				C583DCD31ED7603F007503EB /* Frameworks */,
				C583DCD41ED7603F007503EB /* Resources */,
				12474CD4E06B7812D08A7919 /* [CP] Embed Pods Frameworks */,
				C4340B24BD67150AF8FABBC0 /* [CP] Copy Pods Resources */,
			);
			buildRules = (
			);
			dependencies = (
			);
			name = "aaryn-social";
			productName = "aaryn-social";
			productReference = C583DCD61ED7603F007503EB /* aaryn-social.app */;
			productType = "com.apple.product-type.application";
		};
/* End PBXNativeTarget section */

/* Begin PBXProject section */
		C583DCCE1ED7603F007503EB /* Project object */ = {
			isa = PBXProject;
			attributes = {
				LastSwiftUpdateCheck = 0830;
				LastUpgradeCheck = 0830;
				ORGANIZATIONNAME = "Aaryn Biro";
				TargetAttributes = {
					C583DCD51ED7603F007503EB = {
						CreatedOnToolsVersion = 8.3.2;
						DevelopmentTeam = 6MHMN42R5T;
						ProvisioningStyle = Automatic;
						SystemCapabilities = {
							com.apple.Keychain = {
								enabled = 1;
							};
						};
					};
				};
			};
			buildConfigurationList = C583DCD11ED7603F007503EB /* Build configuration list for PBXProject "aaryn-social" */;
			compatibilityVersion = "Xcode 3.2";
			developmentRegion = English;
			hasScannedForEncodings = 0;
			knownRegions = (
				en,
				Base,
			);
			mainGroup = C583DCCD1ED7603F007503EB;
			productRefGroup = C583DCD71ED7603F007503EB /* Products */;
			projectDirPath = "";
			projectRoot = "";
			targets = (
				C583DCD51ED7603F007503EB /* aaryn-social */,
			);
		};
/* End PBXProject section */

/* Begin PBXResourcesBuildPhase section */
		C583DCD41ED7603F007503EB /* Resources */ = {
			isa = PBXResourcesBuildPhase;
			buildActionMask = 2147483647;
			files = (
				C583DCE41ED7603F007503EB /* LaunchScreen.storyboard in Resources */,
				C583DCE11ED7603F007503EB /* Assets.xcassets in Resources */,
				C583DCDF1ED7603F007503EB /* Main.storyboard in Resources */,
				C583DCEC1ED760DA007503EB /* GoogleService-Info.plist in Resources */,
			);
			runOnlyForDeploymentPostprocessing = 0;
		};
/* End PBXResourcesBuildPhase section */

/* Begin PBXShellScriptBuildPhase section */
		12474CD4E06B7812D08A7919 /* [CP] Embed Pods Frameworks */ = {
			isa = PBXShellScriptBuildPhase;
			buildActionMask = 2147483647;
			files = (
			);
			inputPaths = (
			);
			name = "[CP] Embed Pods Frameworks";
			outputPaths = (
			);
			runOnlyForDeploymentPostprocessing = 0;
			shellPath = /bin/sh;
			shellScript = "\"${SRCROOT}/Pods/Target Support Files/Pods-aaryn-social/Pods-aaryn-social-frameworks.sh\"\n";
			showEnvVarsInLog = 0;
		};
		6B8138C26D4F6FD931452AFA /* [CP] Check Pods Manifest.lock */ = {
			isa = PBXShellScriptBuildPhase;
			buildActionMask = 2147483647;
			files = (
			);
			inputPaths = (
			);
			name = "[CP] Check Pods Manifest.lock";
			outputPaths = (
			);
			runOnlyForDeploymentPostprocessing = 0;
			shellPath = /bin/sh;
			shellScript = "diff \"${PODS_PODFILE_DIR_PATH}/Podfile.lock\" \"${PODS_ROOT}/Manifest.lock\" > /dev/null\nif [ $? != 0 ] ; then\n    # print error to STDERR\n    echo \"error: The sandbox is not in sync with the Podfile.lock. Run 'pod install' or update your CocoaPods installation.\" >&2\n    exit 1\nfi\n";
			showEnvVarsInLog = 0;
		};
		C4340B24BD67150AF8FABBC0 /* [CP] Copy Pods Resources */ = {
			isa = PBXShellScriptBuildPhase;
			buildActionMask = 2147483647;
			files = (
			);
			inputPaths = (
			);
			name = "[CP] Copy Pods Resources";
			outputPaths = (
			);
			runOnlyForDeploymentPostprocessing = 0;
			shellPath = /bin/sh;
			shellScript = "\"${SRCROOT}/Pods/Target Support Files/Pods-aaryn-social/Pods-aaryn-social-resources.sh\"\n";
			showEnvVarsInLog = 0;
		};
/* End PBXShellScriptBuildPhase section */

/* Begin PBXSourcesBuildPhase section */
		C583DCD21ED7603F007503EB /* Sources */ = {
			isa = PBXSourcesBuildPhase;
			buildActionMask = 2147483647;
			files = (
				C583DD1E1ED78DBD007503EB /* FancyField.swift in Sources */,
				C583DD141ED789A4007503EB /* Constants.swift in Sources */,
				C583DD0F1ED786CD007503EB /* CircleButton.swift in Sources */,
				C583DCDC1ED7603F007503EB /* SignInVC.swift in Sources */,
				C583DD111ED7891E007503EB /* FancyView.swift in Sources */,
				C583DCDA1ED7603F007503EB /* AppDelegate.swift in Sources */,
			);
			runOnlyForDeploymentPostprocessing = 0;
		};
/* End PBXSourcesBuildPhase section */

/* Begin PBXVariantGroup section */
		C583DCDD1ED7603F007503EB /* Main.storyboard */ = {
			isa = PBXVariantGroup;
			children = (
				C583DCDE1ED7603F007503EB /* Base */,
			);
			name = Main.storyboard;
			sourceTree = "<group>";
		};
		C583DCE21ED7603F007503EB /* LaunchScreen.storyboard */ = {
			isa = PBXVariantGroup;
			children = (
				C583DCE31ED7603F007503EB /* Base */,
			);
			name = LaunchScreen.storyboard;
			sourceTree = "<group>";
		};
/* End PBXVariantGroup section */

/* Begin XCBuildConfiguration section */
		C583DCE61ED7603F007503EB /* Debug */ = {
			isa = XCBuildConfiguration;
			buildSettings = {
				ALWAYS_SEARCH_USER_PATHS = NO;
				CLANG_ANALYZER_NONNULL = YES;
				CLANG_ANALYZER_NUMBER_OBJECT_CONVERSION = YES_AGGRESSIVE;
				CLANG_CXX_LANGUAGE_STANDARD = "gnu++0x";
				CLANG_CXX_LIBRARY = "libc++";
				CLANG_ENABLE_MODULES = YES;
				CLANG_ENABLE_OBJC_ARC = YES;
				CLANG_WARN_BOOL_CONVERSION = YES;
				CLANG_WARN_CONSTANT_CONVERSION = YES;
				CLANG_WARN_DIRECT_OBJC_ISA_USAGE = YES_ERROR;
				CLANG_WARN_DOCUMENTATION_COMMENTS = YES;
				CLANG_WARN_EMPTY_BODY = YES;
				CLANG_WARN_ENUM_CONVERSION = YES;
				CLANG_WARN_INFINITE_RECURSION = YES;
				CLANG_WARN_INT_CONVERSION = YES;
				CLANG_WARN_OBJC_ROOT_CLASS = YES_ERROR;
				CLANG_WARN_SUSPICIOUS_MOVE = YES;
				CLANG_WARN_UNREACHABLE_CODE = YES;
				CLANG_WARN__DUPLICATE_METHOD_MATCH = YES;
				"CODE_SIGN_IDENTITY[sdk=iphoneos*]" = "iPhone Developer";
				COPY_PHASE_STRIP = NO;
				DEBUG_INFORMATION_FORMAT = dwarf;
				ENABLE_STRICT_OBJC_MSGSEND = YES;
				ENABLE_TESTABILITY = YES;
				GCC_C_LANGUAGE_STANDARD = gnu99;
				GCC_DYNAMIC_NO_PIC = NO;
				GCC_NO_COMMON_BLOCKS = YES;
				GCC_OPTIMIZATION_LEVEL = 0;
				GCC_PREPROCESSOR_DEFINITIONS = (
					"DEBUG=1",
					"$(inherited)",
				);
				GCC_WARN_64_TO_32_BIT_CONVERSION = YES;
				GCC_WARN_ABOUT_RETURN_TYPE = YES_ERROR;
				GCC_WARN_UNDECLARED_SELECTOR = YES;
				GCC_WARN_UNINITIALIZED_AUTOS = YES_AGGRESSIVE;
				GCC_WARN_UNUSED_FUNCTION = YES;
				GCC_WARN_UNUSED_VARIABLE = YES;
				IPHONEOS_DEPLOYMENT_TARGET = 10.3;
				MTL_ENABLE_DEBUG_INFO = YES;
				ONLY_ACTIVE_ARCH = YES;
				SDKROOT = iphoneos;
				SWIFT_ACTIVE_COMPILATION_CONDITIONS = DEBUG;
				SWIFT_OPTIMIZATION_LEVEL = "-Onone";
				TARGETED_DEVICE_FAMILY = "1,2";
			};
			name = Debug;
		};
		C583DCE71ED7603F007503EB /* Release */ = {
			isa = XCBuildConfiguration;
			buildSettings = {
				ALWAYS_SEARCH_USER_PATHS = NO;
				CLANG_ANALYZER_NONNULL = YES;
				CLANG_ANALYZER_NUMBER_OBJECT_CONVERSION = YES_AGGRESSIVE;
				CLANG_CXX_LANGUAGE_STANDARD = "gnu++0x";
				CLANG_CXX_LIBRARY = "libc++";
				CLANG_ENABLE_MODULES = YES;
				CLANG_ENABLE_OBJC_ARC = YES;
				CLANG_WARN_BOOL_CONVERSION = YES;
				CLANG_WARN_CONSTANT_CONVERSION = YES;
				CLANG_WARN_DIRECT_OBJC_ISA_USAGE = YES_ERROR;
				CLANG_WARN_DOCUMENTATION_COMMENTS = YES;
				CLANG_WARN_EMPTY_BODY = YES;
				CLANG_WARN_ENUM_CONVERSION = YES;
				CLANG_WARN_INFINITE_RECURSION = YES;
				CLANG_WARN_INT_CONVERSION = YES;
				CLANG_WARN_OBJC_ROOT_CLASS = YES_ERROR;
				CLANG_WARN_SUSPICIOUS_MOVE = YES;
				CLANG_WARN_UNREACHABLE_CODE = YES;
				CLANG_WARN__DUPLICATE_METHOD_MATCH = YES;
				"CODE_SIGN_IDENTITY[sdk=iphoneos*]" = "iPhone Developer";
				COPY_PHASE_STRIP = NO;
				DEBUG_INFORMATION_FORMAT = "dwarf-with-dsym";
				ENABLE_NS_ASSERTIONS = NO;
				ENABLE_STRICT_OBJC_MSGSEND = YES;
				GCC_C_LANGUAGE_STANDARD = gnu99;
				GCC_NO_COMMON_BLOCKS = YES;
				GCC_WARN_64_TO_32_BIT_CONVERSION = YES;
				GCC_WARN_ABOUT_RETURN_TYPE = YES_ERROR;
				GCC_WARN_UNDECLARED_SELECTOR = YES;
				GCC_WARN_UNINITIALIZED_AUTOS = YES_AGGRESSIVE;
				GCC_WARN_UNUSED_FUNCTION = YES;
				GCC_WARN_UNUSED_VARIABLE = YES;
				IPHONEOS_DEPLOYMENT_TARGET = 10.3;
				MTL_ENABLE_DEBUG_INFO = NO;
				SDKROOT = iphoneos;
				SWIFT_OPTIMIZATION_LEVEL = "-Owholemodule";
				TARGETED_DEVICE_FAMILY = "1,2";
				VALIDATE_PRODUCT = YES;
			};
			name = Release;
		};
		C583DCE91ED7603F007503EB /* Debug */ = {
			isa = XCBuildConfiguration;
			baseConfigurationReference = 47CE1F2FEF352E66FE6B4A94 /* Pods-aaryn-social.debug.xcconfig */;
			buildSettings = {
				ASSETCATALOG_COMPILER_APPICON_NAME = AppIcon;
				CODE_SIGN_ENTITLEMENTS = "aaryn-social/aaryn-social.entitlements";
				DEVELOPMENT_TEAM = 6MHMN42R5T;
				INFOPLIST_FILE = "aaryn-social/Info.plist";
				LD_RUNPATH_SEARCH_PATHS = "$(inherited) @executable_path/Frameworks";
				PRODUCT_BUNDLE_IDENTIFIER = "com.aaryn.aaryn-social";
				PRODUCT_NAME = "$(TARGET_NAME)";
				SWIFT_VERSION = 3.0;
			};
			name = Debug;
		};
		C583DCEA1ED7603F007503EB /* Release */ = {
			isa = XCBuildConfiguration;
			baseConfigurationReference = 99B42F60F7E32D615D0A4F37 /* Pods-aaryn-social.release.xcconfig */;
			buildSettings = {
				ASSETCATALOG_COMPILER_APPICON_NAME = AppIcon;
				CODE_SIGN_ENTITLEMENTS = "aaryn-social/aaryn-social.entitlements";
				DEVELOPMENT_TEAM = 6MHMN42R5T;
				INFOPLIST_FILE = "aaryn-social/Info.plist";
				LD_RUNPATH_SEARCH_PATHS = "$(inherited) @executable_path/Frameworks";
				PRODUCT_BUNDLE_IDENTIFIER = "com.aaryn.aaryn-social";
				PRODUCT_NAME = "$(TARGET_NAME)";
				SWIFT_VERSION = 3.0;
			};
			name = Release;
		};
/* End XCBuildConfiguration section */

/* Begin XCConfigurationList section */
		C583DCD11ED7603F007503EB /* Build configuration list for PBXProject "aaryn-social" */ = {
			isa = XCConfigurationList;
			buildConfigurations = (
				C583DCE61ED7603F007503EB /* Debug */,
				C583DCE71ED7603F007503EB /* Release */,
			);
			defaultConfigurationIsVisible = 0;
			defaultConfigurationName = Release;
		};
		C583DCE81ED7603F007503EB /* Build configuration list for PBXNativeTarget "aaryn-social" */ = {
			isa = XCConfigurationList;
			buildConfigurations = (
				C583DCE91ED7603F007503EB /* Debug */,
				C583DCEA1ED7603F007503EB /* Release */,
			);
			defaultConfigurationIsVisible = 0;
			defaultConfigurationName = Release;
		};
/* End XCConfigurationList section */
	};
	rootObject = C583DCCE1ED7603F007503EB /* Project object */;
}
